
Microsoft Visual Studio Solution File, Format Version 12.00
# Visual Studio Version 17
VisualStudioVersion = 17.5.33414.496
MinimumVisualStudioVersion = 10.0.40219.1
Project("{FAE04EC0-301F-11D3-BF4B-00C04F79EFBC}") = "RentACar.PresentationLayer", "RentACar.PresentationLayer\RentACar.PresentationLayer.csproj", "{CC3B37A3-2482-4435-AEB9-FFABBBB1993D}"
EndProject
Project("{FAE04EC0-301F-11D3-BF4B-00C04F79EFBC}") = "RentACar.EntityLayer", "RentACar.EntityLayer\RentACar.EntityLayer.csproj", "{259AF0AA-7680-440C-AB06-BF3D800532DC}"
EndProject
Project("{FAE04EC0-301F-11D3-BF4B-00C04F79EFBC}") = "RentACar.BusinessLayer", "RentACar.BusinessLayer\RentACar.BusinessLayer.csproj", "{972AA693-E841-47BF-90B4-B79D46049236}"
EndProject
Project("{FAE04EC0-301F-11D3-BF4B-00C04F79EFBC}") = "RentACar.DataAccessLayer", "RentACar.DataAccessLayer\RentACar.DataAccessLayer.csproj", "{F46D7CD5-5DFE-444C-97FF-A26A5DA69E60}"
EndProject
Project("{FAE04EC0-301F-11D3-BF4B-00C04F79EFBC}") = "RentACar.DtoLayer", "RentACar.DtoLayer\RentACar.DtoLayer.csproj", "{61AE278A-95B5-42AA-B98A-A5939F8AD178}"
EndProject
Global
	GlobalSection(SolutionConfigurationPlatforms) = preSolution
		Debug|Any CPU = Debug|Any CPU
		Release|Any CPU = Release|Any CPU
	EndGlobalSection
	GlobalSection(ProjectConfigurationPlatforms) = postSolution
		{CC3B37A3-2482-4435-AEB9-FFABBBB1993D}.Debug|Any CPU.ActiveCfg = Debug|Any CPU
		{CC3B37A3-2482-4435-AEB9-FFABBBB1993D}.Debug|Any CPU.Build.0 = Debug|Any CPU
		{CC3B37A3-2482-4435-AEB9-FFABBBB1993D}.Release|Any CPU.ActiveCfg = Release|Any CPU
		{CC3B37A3-2482-4435-AEB9-FFABBBB1993D}.Release|Any CPU.Build.0 = Release|Any CPU
		{259AF0AA-7680-440C-AB06-BF3D800532DC}.Debug|Any CPU.ActiveCfg = Debug|Any CPU
		{259AF0AA-7680-440C-AB06-BF3D800532DC}.Debug|Any CPU.Build.0 = Debug|Any CPU
		{259AF0AA-7680-440C-AB06-BF3D800532DC}.Release|Any CPU.ActiveCfg = Release|Any CPU
		{259AF0AA-7680-440C-AB06-BF3D800532DC}.Release|Any CPU.Build.0 = Release|Any CPU
		{972AA693-E841-47BF-90B4-B79D46049236}.Debug|Any CPU.ActiveCfg = Debug|Any CPU
		{972AA693-E841-47BF-90B4-B79D46049236}.Debug|Any CPU.Build.0 = Debug|Any CPU
		{972AA693-E841-47BF-90B4-B79D46049236}.Release|Any CPU.ActiveCfg = Release|Any CPU
		{972AA693-E841-47BF-90B4-B79D46049236}.Release|Any CPU.Build.0 = Release|Any CPU
		{F46D7CD5-5DFE-444C-97FF-A26A5DA69E60}.Debug|Any CPU.ActiveCfg = Debug|Any CPU
		{F46D7CD5-5DFE-444C-97FF-A26A5DA69E60}.Debug|Any CPU.Build.0 = Debug|Any CPU
		{F46D7CD5-5DFE-444C-97FF-A26A5DA69E60}.Release|Any CPU.ActiveCfg = Release|Any CPU
		{F46D7CD5-5DFE-444C-97FF-A26A5DA69E60}.Release|Any CPU.Build.0 = Release|Any CPU
		{61AE278A-95B5-42AA-B98A-A5939F8AD178}.Debug|Any CPU.ActiveCfg = Debug|Any CPU
		{61AE278A-95B5-42AA-B98A-A5939F8AD178}.Debug|Any CPU.Build.0 = Debug|Any CPU
		{61AE278A-95B5-42AA-B98A-A5939F8AD178}.Release|Any CPU.ActiveCfg = Release|Any CPU
		{61AE278A-95B5-42AA-B98A-A5939F8AD178}.Release|Any CPU.Build.0 = Release|Any CPU
	EndGlobalSection
	GlobalSection(SolutionProperties) = preSolution
		HideSolutionNode = FALSE
	EndGlobalSection
	GlobalSection(ExtensibilityGlobals) = postSolution
		SolutionGuid = {95255EB1-35E0-4F7E-B8C0-EDFE4F2A14E6}
	EndGlobalSection
EndGlobal
